
Microsoft Visual Studio Solution File, Format Version 12.00
# Visual Studio Version 16
VisualStudioVersion = 16.0.34407.143
MinimumVisualStudioVersion = 10.0.40219.1
Project("{8BC9CEB8-8B4A-11D0-8D11-00A0C91BC942}") = "17219번_ 비밀번호 찾기", "17219번_ 비밀번호 찾기.vcxproj", "{82E44DBE-C2C7-454C-AEA8-1A691366636F}"
EndProject
Global
	GlobalSection(SolutionConfigurationPlatforms) = preSolution
		Debug|x64 = Debug|x64
		Debug|x86 = Debug|x86
		Release|x64 = Release|x64
		Release|x86 = Release|x86
	EndGlobalSection
	GlobalSection(ProjectConfigurationPlatforms) = postSolution
		{82E44DBE-C2C7-454C-AEA8-1A691366636F}.Debug|x64.ActiveCfg = Debug|x64
		{82E44DBE-C2C7-454C-AEA8-1A691366636F}.Debug|x64.Build.0 = Debug|x64
		{82E44DBE-C2C7-454C-AEA8-1A691366636F}.Debug|x86.ActiveCfg = Debug|Win32
		{82E44DBE-C2C7-454C-AEA8-1A691366636F}.Debug|x86.Build.0 = Debug|Win32
		{82E44DBE-C2C7-454C-AEA8-1A691366636F}.Release|x64.ActiveCfg = Release|x64
		{82E44DBE-C2C7-454C-AEA8-1A691366636F}.Release|x64.Build.0 = Release|x64
		{82E44DBE-C2C7-454C-AEA8-1A691366636F}.Release|x86.ActiveCfg = Release|Win32
		{82E44DBE-C2C7-454C-AEA8-1A691366636F}.Release|x86.Build.0 = Release|Win32
	EndGlobalSection
	GlobalSection(SolutionProperties) = preSolution
		HideSolutionNode = FALSE
	EndGlobalSection
	GlobalSection(ExtensibilityGlobals) = postSolution
		SolutionGuid = {F8F9F53F-EB1C-48AC-86AD-0E741F171AC2}
	EndGlobalSection
EndGlobal
