
Microsoft Visual Studio Solution File, Format Version 12.00
# Visual Studio Version 16
VisualStudioVersion = 16.0.34407.143
MinimumVisualStudioVersion = 10.0.40219.1
Project("{8BC9CEB8-8B4A-11D0-8D11-00A0C91BC942}") = "10809번 알파벳 찾기", "10809번 알파벳 찾기.vcxproj", "{78A2BAA7-6471-4938-91B6-5BCB85621DBF}"
EndProject
Global
	GlobalSection(SolutionConfigurationPlatforms) = preSolution
		Debug|x64 = Debug|x64
		Debug|x86 = Debug|x86
		Release|x64 = Release|x64
		Release|x86 = Release|x86
	EndGlobalSection
	GlobalSection(ProjectConfigurationPlatforms) = postSolution
		{78A2BAA7-6471-4938-91B6-5BCB85621DBF}.Debug|x64.ActiveCfg = Debug|x64
		{78A2BAA7-6471-4938-91B6-5BCB85621DBF}.Debug|x64.Build.0 = Debug|x64
		{78A2BAA7-6471-4938-91B6-5BCB85621DBF}.Debug|x86.ActiveCfg = Debug|Win32
		{78A2BAA7-6471-4938-91B6-5BCB85621DBF}.Debug|x86.Build.0 = Debug|Win32
		{78A2BAA7-6471-4938-91B6-5BCB85621DBF}.Release|x64.ActiveCfg = Release|x64
		{78A2BAA7-6471-4938-91B6-5BCB85621DBF}.Release|x64.Build.0 = Release|x64
		{78A2BAA7-6471-4938-91B6-5BCB85621DBF}.Release|x86.ActiveCfg = Release|Win32
		{78A2BAA7-6471-4938-91B6-5BCB85621DBF}.Release|x86.Build.0 = Release|Win32
	EndGlobalSection
	GlobalSection(SolutionProperties) = preSolution
		HideSolutionNode = FALSE
	EndGlobalSection
	GlobalSection(ExtensibilityGlobals) = postSolution
		SolutionGuid = {F7007186-2AB5-4632-A814-55DC29633C14}
	EndGlobalSection
EndGlobal
