
Microsoft Visual Studio Solution File, Format Version 12.00
# Visual Studio Version 16
VisualStudioVersion = 16.0.34407.143
MinimumVisualStudioVersion = 10.0.40219.1
Project("{8BC9CEB8-8B4A-11D0-8D11-00A0C91BC942}") = "4195번_친구 네트워크", "4195번_친구 네트워크.vcxproj", "{5EC8CCD5-D0FD-4455-91C7-D6C03F117FBF}"
EndProject
Global
	GlobalSection(SolutionConfigurationPlatforms) = preSolution
		Debug|x64 = Debug|x64
		Debug|x86 = Debug|x86
		Release|x64 = Release|x64
		Release|x86 = Release|x86
	EndGlobalSection
	GlobalSection(ProjectConfigurationPlatforms) = postSolution
		{5EC8CCD5-D0FD-4455-91C7-D6C03F117FBF}.Debug|x64.ActiveCfg = Debug|x64
		{5EC8CCD5-D0FD-4455-91C7-D6C03F117FBF}.Debug|x64.Build.0 = Debug|x64
		{5EC8CCD5-D0FD-4455-91C7-D6C03F117FBF}.Debug|x86.ActiveCfg = Debug|Win32
		{5EC8CCD5-D0FD-4455-91C7-D6C03F117FBF}.Debug|x86.Build.0 = Debug|Win32
		{5EC8CCD5-D0FD-4455-91C7-D6C03F117FBF}.Release|x64.ActiveCfg = Release|x64
		{5EC8CCD5-D0FD-4455-91C7-D6C03F117FBF}.Release|x64.Build.0 = Release|x64
		{5EC8CCD5-D0FD-4455-91C7-D6C03F117FBF}.Release|x86.ActiveCfg = Release|Win32
		{5EC8CCD5-D0FD-4455-91C7-D6C03F117FBF}.Release|x86.Build.0 = Release|Win32
	EndGlobalSection
	GlobalSection(SolutionProperties) = preSolution
		HideSolutionNode = FALSE
	EndGlobalSection
	GlobalSection(ExtensibilityGlobals) = postSolution
		SolutionGuid = {B24183DB-D1D9-4665-909F-5EFC38470832}
	EndGlobalSection
EndGlobal
