
Microsoft Visual Studio Solution File, Format Version 12.00
# Visual Studio Version 16
VisualStudioVersion = 16.0.34407.143
MinimumVisualStudioVersion = 10.0.40219.1
Project("{8BC9CEB8-8B4A-11D0-8D11-00A0C91BC942}") = "11660번_구간 합 구하기 5", "11660번_구간 합 구하기 5.vcxproj", "{E277E54A-7900-40BD-9417-D6DB53C34AEC}"
EndProject
Global
	GlobalSection(SolutionConfigurationPlatforms) = preSolution
		Debug|x64 = Debug|x64
		Debug|x86 = Debug|x86
		Release|x64 = Release|x64
		Release|x86 = Release|x86
	EndGlobalSection
	GlobalSection(ProjectConfigurationPlatforms) = postSolution
		{E277E54A-7900-40BD-9417-D6DB53C34AEC}.Debug|x64.ActiveCfg = Debug|x64
		{E277E54A-7900-40BD-9417-D6DB53C34AEC}.Debug|x64.Build.0 = Debug|x64
		{E277E54A-7900-40BD-9417-D6DB53C34AEC}.Debug|x86.ActiveCfg = Debug|Win32
		{E277E54A-7900-40BD-9417-D6DB53C34AEC}.Debug|x86.Build.0 = Debug|Win32
		{E277E54A-7900-40BD-9417-D6DB53C34AEC}.Release|x64.ActiveCfg = Release|x64
		{E277E54A-7900-40BD-9417-D6DB53C34AEC}.Release|x64.Build.0 = Release|x64
		{E277E54A-7900-40BD-9417-D6DB53C34AEC}.Release|x86.ActiveCfg = Release|Win32
		{E277E54A-7900-40BD-9417-D6DB53C34AEC}.Release|x86.Build.0 = Release|Win32
	EndGlobalSection
	GlobalSection(SolutionProperties) = preSolution
		HideSolutionNode = FALSE
	EndGlobalSection
	GlobalSection(ExtensibilityGlobals) = postSolution
		SolutionGuid = {2EE987CA-D53E-4838-B28E-7D68C65FA75B}
	EndGlobalSection
EndGlobal
